PODS:
  - Alamofire (5.4.0)
  - KeychainAccess (4.2.1)
  - KurozoraKit (0.15.5):
    - KeychainAccess
    - TRON
  - TRON (5.3.0):
    - Alamofire (~> 5.0)
    - TRON/Core (= 5.3.0)
  - TRON/Core (5.3.0):
    - Alamofire (~> 5.0)

DEPENDENCIES:
  - KurozoraKit (from `../`)

SPEC REPOS:
  https://github.com/CocoaPods/Specs.git:
    - Alamofire
    - KeychainAccess
    - TRON

EXTERNAL SOURCES:
  KurozoraKit:
    :path: "../"

SPEC CHECKSUMS:
  Alamofire: 3b6a534a3df22db367e4dedeeca73d1ddfcf0e2f
  KeychainAccess: 9b07f665298d13c3a85881bd3171f6f49b8151c1
  KurozoraKit: b605c87adf3f27495ee50fbe23b744340f655914
  TRON: 146d78dbf9bbcaaa77b7cf398a0a63d5dda267a5

PODFILE CHECKSUM: 2532b3588e6afb26954e02513aed925221e58641

COCOAPODS: 1.10.0
