{
  "originHash" : "58e9c3ff7c472833e76d1647aad4cf6d5e73c3f9310bbef4dd69a6ac54f4ea69",
  "pins" : [
    {
      "identity" : "alamofire",
      "kind" : "remoteSourceControl",
      "location" : "https://github.com/Alamofire/Alamofire.git",
      "state" : {
        "revision" : "513364f870f6bfc468f9d2ff0a95caccc10044c5",
        "version" : "5.10.2"
      }
    },
    {
      "identity" : "keychainaccess",
      "kind" : "remoteSourceControl",
      "location" : "https://github.com/kishikawakatsumi/KeychainAccess.git",
      "state" : {
        "revision" : "84e546727d66f1adc5439debad16270d0fdd04e7",
        "version" : "4.2.2"
      }
    },
    {
      "identity" : "rxswift",
      "kind" : "remoteSourceControl",
      "location" : "https://github.com/ReactiveX/RxSwift.git",
      "state" : {
        "revision" : "5004a18539bd68905c5939aa893075f578f4f03d",
        "version" : "6.9.1"
      }
    },
    {
      "identity" : "swiftyjson",
      "kind" : "remoteSourceControl",
      "location" : "https://github.com/SwiftyJSON/SwiftyJSON.git",
      "state" : {
        "revision" : "af76cf3ef710b6ca5f8c05f3a31307d44a3c5828",
        "version" : "5.0.2"
      }
    },
    {
      "identity" : "tron",
      "kind" : "remoteSourceControl",
      "location" : "https://github.com/MLSDev/TRON.git",
      "state" : {
        "revision" : "24434ce417167e320da790ee3a321770d3b142bc",
        "version" : "5.5.0-beta.1"
      }
    }
  ],
  "version" : 3
}
